
Microsoft Visual Studio Solution File, Format Version 12.00
# Visual Studio Version 17
VisualStudioVersion = 17.4.33110.190
MinimumVisualStudioVersion = 10.0.40219.1
Project("{FAE04EC0-301F-11D3-BF4B-00C04F79EFBC}") = "27-11", "27-11\27-11.csproj", "{238414E3-2253-48FC-A4C2-B0250F2AA535}"
EndProject
Global
	GlobalSection(SolutionConfigurationPlatforms) = preSolution
		Debug|Any CPU = Debug|Any CPU
		Release|Any CPU = Release|Any CPU
	EndGlobalSection
	GlobalSection(ProjectConfigurationPlatforms) = postSolution
		{238414E3-2253-48FC-A4C2-B0250F2AA535}.Debug|Any CPU.ActiveCfg = Debug|Any CPU
		{238414E3-2253-48FC-A4C2-B0250F2AA535}.Debug|Any CPU.Build.0 = Debug|Any CPU
		{238414E3-2253-48FC-A4C2-B0250F2AA535}.Release|Any CPU.ActiveCfg = Release|Any CPU
		{238414E3-2253-48FC-A4C2-B0250F2AA535}.Release|Any CPU.Build.0 = Release|Any CPU
	EndGlobalSection
	GlobalSection(SolutionProperties) = preSolution
		HideSolutionNode = FALSE
	EndGlobalSection
	GlobalSection(ExtensibilityGlobals) = postSolution
		SolutionGuid = {B9DA4234-B127-4653-8F74-019EAE2B744E}
	EndGlobalSection
EndGlobal
